
Microsoft Visual Studio Solution File, Format Version 12.00
# Visual Studio Version 17
VisualStudioVersion = 17.2.32616.157
MinimumVisualStudioVersion = 10.0.40219.1
Project("{9A19103F-16F7-4668-BE54-9A1E7A4F7556}") = "SimpleBankAPI", "SimpleBankAPI\SimpleBankAPI.csproj", "{D81CD6EA-B99F-456A-B26B-1B361388DD8D}"
EndProject
Project("{FAE04EC0-301F-11D3-BF4B-00C04F79EFBC}") = "SimpleBankAPI.Tests", "SimpleBankAPI.Tests\SimpleBankAPI.Tests.csproj", "{498C3CF5-D9A8-46A2-B331-86BBDB6F06CF}"
	ProjectSection(ProjectDependencies) = postProject
		{D81CD6EA-B99F-456A-B26B-1B361388DD8D} = {D81CD6EA-B99F-456A-B26B-1B361388DD8D}
	EndProjectSection
EndProject
Global
	GlobalSection(SolutionConfigurationPlatforms) = preSolution
		Debug|Any CPU = Debug|Any CPU
		Release|Any CPU = Release|Any CPU
	EndGlobalSection
	GlobalSection(ProjectConfigurationPlatforms) = postSolution
		{D81CD6EA-B99F-456A-B26B-1B361388DD8D}.Debug|Any CPU.ActiveCfg = Debug|Any CPU
		{D81CD6EA-B99F-456A-B26B-1B361388DD8D}.Debug|Any CPU.Build.0 = Debug|Any CPU
		{D81CD6EA-B99F-456A-B26B-1B361388DD8D}.Release|Any CPU.ActiveCfg = Release|Any CPU
		{D81CD6EA-B99F-456A-B26B-1B361388DD8D}.Release|Any CPU.Build.0 = Release|Any CPU
		{498C3CF5-D9A8-46A2-B331-86BBDB6F06CF}.Debug|Any CPU.ActiveCfg = Debug|Any CPU
		{498C3CF5-D9A8-46A2-B331-86BBDB6F06CF}.Debug|Any CPU.Build.0 = Debug|Any CPU
		{498C3CF5-D9A8-46A2-B331-86BBDB6F06CF}.Release|Any CPU.ActiveCfg = Release|Any CPU
		{498C3CF5-D9A8-46A2-B331-86BBDB6F06CF}.Release|Any CPU.Build.0 = Release|Any CPU
	EndGlobalSection
	GlobalSection(SolutionProperties) = preSolution
		HideSolutionNode = FALSE
	EndGlobalSection
	GlobalSection(ExtensibilityGlobals) = postSolution
		SolutionGuid = {3A47B2C4-D918-4CD0-9C96-B22A87CF438B}
	EndGlobalSection
EndGlobal
